// !$*UTF8*$!
{
	archiveVersion = 1;
	classes = {
	};
	objectVersion = 50;
	objects = {

/* Begin PBXBuildFile section */
		6B0FBC4822A5548B000E4E39 /* AppDelegate.swift in Sources */ = {isa = PBXBuildFile; fileRef = 6B0FBC4722A5548B000E4E39 /* AppDelegate.swift */; };
		6B0FBC4A22A5548B000E4E39 /* ViewController.swift in Sources */ = {isa = PBXBuildFile; fileRef = 6B0FBC4922A5548B000E4E39 /* ViewController.swift */; };
		6B0FBC4D22A5548B000E4E39 /* Main.storyboard in Resources */ = {isa = PBXBuildFile; fileRef = 6B0FBC4B22A5548B000E4E39 /* Main.storyboard */; };
		6B0FBC4F22A5548C000E4E39 /* Assets.xcassets in Resources */ = {isa = PBXBuildFile; fileRef = 6B0FBC4E22A5548C000E4E39 /* Assets.xcassets */; };
		6B0FBC5222A5548C000E4E39 /* LaunchScreen.storyboard in Resources */ = {isa = PBXBuildFile; fileRef = 6B0FBC5022A5548C000E4E39 /* LaunchScreen.storyboard */; };
		6B4754AC22A7C18900149B47 /* IntentHandler.swift in Sources */ = {isa = PBXBuildFile; fileRef = 6B4754AB22A7C18900149B47 /* IntentHandler.swift */; };
		6B4754B522A7C18900149B47 /* IntentsUI.framework in Frameworks */ = {isa = PBXBuildFile; fileRef = 6B4754B422A7C18900149B47 /* IntentsUI.framework */; };
		6B4754B822A7C18900149B47 /* IntentViewController.swift in Sources */ = {isa = PBXBuildFile; fileRef = 6B4754B722A7C18900149B47 /* IntentViewController.swift */; };
		6B4754BB22A7C18900149B47 /* MainInterface.storyboard in Resources */ = {isa = PBXBuildFile; fileRef = 6B4754B922A7C18900149B47 /* MainInterface.storyboard */; };
		6B4754BF22A7C18900149B47 /* MessageIntentUI.appex in Embed App Extensions */ = {isa = PBXBuildFile; fileRef = 6B4754B222A7C18900149B47 /* MessageIntentUI.appex */; settings = {ATTRIBUTES = (RemoveHeadersOnCopy, ); }; };
		6B4754C222A7C18900149B47 /* MessageIntent.appex in Embed App Extensions */ = {isa = PBXBuildFile; fileRef = 6B4754A922A7C18900149B47 /* MessageIntent.appex */; settings = {ATTRIBUTES = (RemoveHeadersOnCopy, ); }; };
/* End PBXBuildFile section */

/* Begin PBXContainerItemProxy section */
		6B4754BD22A7C18900149B47 /* PBXContainerItemProxy */ = {
			isa = PBXContainerItemProxy;
			containerPortal = 6B0FBC3C22A5548B000E4E39 /* Project object */;
			proxyType = 1;
			remoteGlobalIDString = 6B4754B122A7C18900149B47;
			remoteInfo = MessageIntentUI;
		};
		6B4754C022A7C18900149B47 /* PBXContainerItemProxy */ = {
			isa = PBXContainerItemProxy;
			containerPortal = 6B0FBC3C22A5548B000E4E39 /* Project object */;
			proxyType = 1;
			remoteGlobalIDString = 6B4754A822A7C18900149B47;
			remoteInfo = MessageIntent;
		};
/* End PBXContainerItemProxy section */

/* Begin PBXCopyFilesBuildPhase section */
		6B4754C922A7C18900149B47 /* Embed App Extensions */ = {
			isa = PBXCopyFilesBuildPhase;
			buildActionMask = 2147483647;
			dstPath = "";
			dstSubfolderSpec = 13;
			files = (
				6B4754C222A7C18900149B47 /* MessageIntent.appex in Embed App Extensions */,
				6B4754BF22A7C18900149B47 /* MessageIntentUI.appex in Embed App Extensions */,
			);
			name = "Embed App Extensions";
			runOnlyForDeploymentPostprocessing = 0;
		};
/* End PBXCopyFilesBuildPhase section */

/* Begin PBXFileReference section */
		6B0915B522AA3F1100715EA9 /* MessageIntent.entitlements */ = {isa = PBXFileReference; lastKnownFileType = text.plist.entitlements; path = MessageIntent.entitlements; sourceTree = "<group>"; };
		6B0915B622AA3F1900715EA9 /* MessageIntentUI.entitlements */ = {isa = PBXFileReference; lastKnownFileType = text.plist.entitlements; path = MessageIntentUI.entitlements; sourceTree = "<group>"; };
		6B0FBC4422A5548B000E4E39 /* SiriMessageDemo.app */ = {isa = PBXFileReference; explicitFileType = wrapper.application; includeInIndex = 0; path = SiriMessageDemo.app; sourceTree = BUILT_PRODUCTS_DIR; };
		6B0FBC4722A5548B000E4E39 /* AppDelegate.swift */ = {isa = PBXFileReference; lastKnownFileType = sourcecode.swift; path = AppDelegate.swift; sourceTree = "<group>"; };
		6B0FBC4922A5548B000E4E39 /* ViewController.swift */ = {isa = PBXFileReference; lastKnownFileType = sourcecode.swift; path = ViewController.swift; sourceTree = "<group>"; };
		6B0FBC4C22A5548B000E4E39 /* Base */ = {isa = PBXFileReference; lastKnownFileType = file.storyboard; name = Base; path = Base.lproj/Main.storyboard; sourceTree = "<group>"; };
		6B0FBC4E22A5548C000E4E39 /* Assets.xcassets */ = {isa = PBXFileReference; lastKnownFileType = folder.assetcatalog; path = Assets.xcassets; sourceTree = "<group>"; };
		6B0FBC5122A5548C000E4E39 /* Base */ = {isa = PBXFileReference; lastKnownFileType = file.storyboard; name = Base; path = Base.lproj/LaunchScreen.storyboard; sourceTree = "<group>"; };
		6B0FBC5322A5548C000E4E39 /* Info.plist */ = {isa = PBXFileReference; lastKnownFileType = text.plist.xml; path = Info.plist; sourceTree = "<group>"; };
		6B4754A922A7C18900149B47 /* MessageIntent.appex */ = {isa = PBXFileReference; explicitFileType = "wrapper.app-extension"; includeInIndex = 0; path = MessageIntent.appex; sourceTree = BUILT_PRODUCTS_DIR; };
		6B4754AB22A7C18900149B47 /* IntentHandler.swift */ = {isa = PBXFileReference; lastKnownFileType = sourcecode.swift; path = IntentHandler.swift; sourceTree = "<group>"; };
		6B4754AD22A7C18900149B47 /* Info.plist */ = {isa = PBXFileReference; lastKnownFileType = text.plist.xml; path = Info.plist; sourceTree = "<group>"; };
		6B4754B222A7C18900149B47 /* MessageIntentUI.appex */ = {isa = PBXFileReference; explicitFileType = "wrapper.app-extension"; includeInIndex = 0; path = MessageIntentUI.appex; sourceTree = BUILT_PRODUCTS_DIR; };
		6B4754B422A7C18900149B47 /* IntentsUI.framework */ = {isa = PBXFileReference; lastKnownFileType = wrapper.framework; name = IntentsUI.framework; path = System/Library/Frameworks/IntentsUI.framework; sourceTree = SDKROOT; };
		6B4754B722A7C18900149B47 /* IntentViewController.swift */ = {isa = PBXFileReference; lastKnownFileType = sourcecode.swift; path = IntentViewController.swift; sourceTree = "<group>"; };
		6B4754BA22A7C18900149B47 /* Base */ = {isa = PBXFileReference; lastKnownFileType = file.storyboard; name = Base; path = Base.lproj/MainInterface.storyboard; sourceTree = "<group>"; };
		6B4754BC22A7C18900149B47 /* Info.plist */ = {isa = PBXFileReference; lastKnownFileType = text.plist.xml; path = Info.plist; sourceTree = "<group>"; };
		6BF54DA322A921F100412206 /* SiriMessageDemo.entitlements */ = {isa = PBXFileReference; lastKnownFileType = text.plist.entitlements; path = SiriMessageDemo.entitlements; sourceTree = "<group>"; };
/* End PBXFileReference section */

/* Begin PBXFrameworksBuildPhase section */
		6B0FBC4122A5548B000E4E39 /* Frameworks */ = {
			isa = PBXFrameworksBuildPhase;
			buildActionMask = 2147483647;
			files = (
			);
			runOnlyForDeploymentPostprocessing = 0;
		};
		6B4754A622A7C18900149B47 /* Frameworks */ = {
			isa = PBXFrameworksBuildPhase;
			buildActionMask = 2147483647;
			files = (
			);
			runOnlyForDeploymentPostprocessing = 0;
		};
		6B4754AF22A7C18900149B47 /* Frameworks */ = {
			isa = PBXFrameworksBuildPhase;
			buildActionMask = 2147483647;
			files = (
				6B4754B522A7C18900149B47 /* IntentsUI.framework in Frameworks */,
			);
			runOnlyForDeploymentPostprocessing = 0;
		};
/* End PBXFrameworksBuildPhase section */

/* Begin PBXGroup section */
		6B0FBC3B22A5548B000E4E39 = {
			isa = PBXGroup;
			children = (
				6B0FBC4622A5548B000E4E39 /* SiriMessageDemo */,
				6B4754AA22A7C18900149B47 /* MessageIntent */,
				6B4754B622A7C18900149B47 /* MessageIntentUI */,
				6B4754B322A7C18900149B47 /* Frameworks */,
				6B0FBC4522A5548B000E4E39 /* Products */,
			);
			sourceTree = "<group>";
		};
		6B0FBC4522A5548B000E4E39 /* Products */ = {
			isa = PBXGroup;
			children = (
				6B0FBC4422A5548B000E4E39 /* SiriMessageDemo.app */,
				6B4754A922A7C18900149B47 /* MessageIntent.appex */,
				6B4754B222A7C18900149B47 /* MessageIntentUI.appex */,
			);
			name = Products;
			sourceTree = "<group>";
		};
		6B0FBC4622A5548B000E4E39 /* SiriMessageDemo */ = {
			isa = PBXGroup;
			children = (
				6BF54DA322A921F100412206 /* SiriMessageDemo.entitlements */,
				6B0FBC4722A5548B000E4E39 /* AppDelegate.swift */,
				6B0FBC4922A5548B000E4E39 /* ViewController.swift */,
				6B0FBC4B22A5548B000E4E39 /* Main.storyboard */,
				6B0FBC4E22A5548C000E4E39 /* Assets.xcassets */,
				6B0FBC5022A5548C000E4E39 /* LaunchScreen.storyboard */,
				6B0FBC5322A5548C000E4E39 /* Info.plist */,
			);
			path = SiriMessageDemo;
			sourceTree = "<group>";
		};
		6B4754AA22A7C18900149B47 /* MessageIntent */ = {
			isa = PBXGroup;
			children = (
				6B0915B522AA3F1100715EA9 /* MessageIntent.entitlements */,
				6B4754AB22A7C18900149B47 /* IntentHandler.swift */,
				6B4754AD22A7C18900149B47 /* Info.plist */,
			);
			path = MessageIntent;
			sourceTree = "<group>";
		};
		6B4754B322A7C18900149B47 /* Frameworks */ = {
			isa = PBXGroup;
			children = (
				6B4754B422A7C18900149B47 /* IntentsUI.framework */,
			);
			name = Frameworks;
			sourceTree = "<group>";
		};
		6B4754B622A7C18900149B47 /* MessageIntentUI */ = {
			isa = PBXGroup;
			children = (
				6B0915B622AA3F1900715EA9 /* MessageIntentUI.entitlements */,
				6B4754B722A7C18900149B47 /* IntentViewController.swift */,
				6B4754B922A7C18900149B47 /* MainInterface.storyboard */,
				6B4754BC22A7C18900149B47 /* Info.plist */,
			);
			path = MessageIntentUI;
			sourceTree = "<group>";
		};
/* End PBXGroup section */

/* Begin PBXNativeTarget section */
		6B0FBC4322A5548B000E4E39 /* SiriMessageDemo */ = {
			isa = PBXNativeTarget;
			buildConfigurationList = 6B0FBC5622A5548C000E4E39 /* Build configuration list for PBXNativeTarget "SiriMessageDemo" */;
			buildPhases = (
				6B0FBC4022A5548B000E4E39 /* Sources */,
				6B0FBC4122A5548B000E4E39 /* Frameworks */,
				6B0FBC4222A5548B000E4E39 /* Resources */,
				6B4754C922A7C18900149B47 /* Embed App Extensions */,
			);
			buildRules = (
			);
			dependencies = (
				6B4754BE22A7C18900149B47 /* PBXTargetDependency */,
				6B4754C122A7C18900149B47 /* PBXTargetDependency */,
			);
			name = SiriMessageDemo;
			productName = SiriMessageDemo;
			productReference = 6B0FBC4422A5548B000E4E39 /* SiriMessageDemo.app */;
			productType = "com.apple.product-type.application";
		};
		6B4754A822A7C18900149B47 /* MessageIntent */ = {
			isa = PBXNativeTarget;
			buildConfigurationList = 6B4754C622A7C18900149B47 /* Build configuration list for PBXNativeTarget "MessageIntent" */;
			buildPhases = (
				6B4754A522A7C18900149B47 /* Sources */,
				6B4754A622A7C18900149B47 /* Frameworks */,
				6B4754A722A7C18900149B47 /* Resources */,
			);
			buildRules = (
			);
			dependencies = (
			);
			name = MessageIntent;
			productName = MessageIntent;
			productReference = 6B4754A922A7C18900149B47 /* MessageIntent.appex */;
			productType = "com.apple.product-type.app-extension";
		};
		6B4754B122A7C18900149B47 /* MessageIntentUI */ = {
			isa = PBXNativeTarget;
			buildConfigurationList = 6B4754C322A7C18900149B47 /* Build configuration list for PBXNativeTarget "MessageIntentUI" */;
			buildPhases = (
				6B4754AE22A7C18900149B47 /* Sources */,
				6B4754AF22A7C18900149B47 /* Frameworks */,
				6B4754B022A7C18900149B47 /* Resources */,
			);
			buildRules = (
			);
			dependencies = (
			);
			name = MessageIntentUI;
			productName = MessageIntentUI;
			productReference = 6B4754B222A7C18900149B47 /* MessageIntentUI.appex */;
			productType = "com.apple.product-type.app-extension";
		};
/* End PBXNativeTarget section */

/* Begin PBXProject section */
		6B0FBC3C22A5548B000E4E39 /* Project object */ = {
			isa = PBXProject;
			attributes = {
				LastSwiftUpdateCheck = 1010;
				LastUpgradeCheck = 1010;
				ORGANIZATIONNAME = Krishna;
				TargetAttributes = {
					6B0FBC4322A5548B000E4E39 = {
						CreatedOnToolsVersion = 10.1;
						SystemCapabilities = {
							com.apple.ApplicationGroups.iOS = {
								enabled = 1;
							};
							com.apple.ClassKit = {
								enabled = 0;
							};
							com.apple.Siri = {
								enabled = 1;
							};
						};
					};
					6B4754A822A7C18900149B47 = {
						CreatedOnToolsVersion = 10.1;
						SystemCapabilities = {
							com.apple.ApplicationGroups.iOS = {
								enabled = 1;
							};
						};
					};
					6B4754B122A7C18900149B47 = {
						CreatedOnToolsVersion = 10.1;
						SystemCapabilities = {
							com.apple.ApplicationGroups.iOS = {
								enabled = 1;
							};
						};
					};
				};
			};
			buildConfigurationList = 6B0FBC3F22A5548B000E4E39 /* Build configuration list for PBXProject "SiriMessageDemo" */;
			compatibilityVersion = "Xcode 9.3";
			developmentRegion = en;
			hasScannedForEncodings = 0;
			knownRegions = (
				en,
				Base,
			);
			mainGroup = 6B0FBC3B22A5548B000E4E39;
			productRefGroup = 6B0FBC4522A5548B000E4E39 /* Products */;
			projectDirPath = "";
			projectRoot = "";
			targets = (
				6B0FBC4322A5548B000E4E39 /* SiriMessageDemo */,
				6B4754A822A7C18900149B47 /* MessageIntent */,
				6B4754B122A7C18900149B47 /* MessageIntentUI */,
			);
		};
/* End PBXProject section */

/* Begin PBXResourcesBuildPhase section */
		6B0FBC4222A5548B000E4E39 /* Resources */ = {
			isa = PBXResourcesBuildPhase;
			buildActionMask = 2147483647;
			files = (
				6B0FBC5222A5548C000E4E39 /* LaunchScreen.storyboard in Resources */,
				6B0FBC4F22A5548C000E4E39 /* Assets.xcassets in Resources */,
				6B0FBC4D22A5548B000E4E39 /* Main.storyboard in Resources */,
			);
			runOnlyForDeploymentPostprocessing = 0;
		};
		6B4754A722A7C18900149B47 /* Resources */ = {
			isa = PBXResourcesBuildPhase;
			buildActionMask = 2147483647;
			files = (
			);
			runOnlyForDeploymentPostprocessing = 0;
		};
		6B4754B022A7C18900149B47 /* Resources */ = {
			isa = PBXResourcesBuildPhase;
			buildActionMask = 2147483647;
			files = (
				6B4754BB22A7C18900149B47 /* MainInterface.storyboard in Resources */,
			);
			runOnlyForDeploymentPostprocessing = 0;
		};
/* End PBXResourcesBuildPhase section */

/* Begin PBXSourcesBuildPhase section */
		6B0FBC4022A5548B000E4E39 /* Sources */ = {
			isa = PBXSourcesBuildPhase;
			buildActionMask = 2147483647;
			files = (
				6B0FBC4A22A5548B000E4E39 /* ViewController.swift in Sources */,
				6B0FBC4822A5548B000E4E39 /* AppDelegate.swift in Sources */,
			);
			runOnlyForDeploymentPostprocessing = 0;
		};
		6B4754A522A7C18900149B47 /* Sources */ = {
			isa = PBXSourcesBuildPhase;
			buildActionMask = 2147483647;
			files = (
				6B4754AC22A7C18900149B47 /* IntentHandler.swift in Sources */,
			);
			runOnlyForDeploymentPostprocessing = 0;
		};
		6B4754AE22A7C18900149B47 /* Sources */ = {
			isa = PBXSourcesBuildPhase;
			buildActionMask = 2147483647;
			files = (
				6B4754B822A7C18900149B47 /* IntentViewController.swift in Sources */,
			);
			runOnlyForDeploymentPostprocessing = 0;
		};
/* End PBXSourcesBuildPhase section */

/* Begin PBXTargetDependency section */
		6B4754BE22A7C18900149B47 /* PBXTargetDependency */ = {
			isa = PBXTargetDependency;
			target = 6B4754B122A7C18900149B47 /* MessageIntentUI */;
			targetProxy = 6B4754BD22A7C18900149B47 /* PBXContainerItemProxy */;
		};
		6B4754C122A7C18900149B47 /* PBXTargetDependency */ = {
			isa = PBXTargetDependency;
			target = 6B4754A822A7C18900149B47 /* MessageIntent */;
			targetProxy = 6B4754C022A7C18900149B47 /* PBXContainerItemProxy */;
		};
/* End PBXTargetDependency section */

/* Begin PBXVariantGroup section */
		6B0FBC4B22A5548B000E4E39 /* Main.storyboard */ = {
			isa = PBXVariantGroup;
			children = (
				6B0FBC4C22A5548B000E4E39 /* Base */,
			);
			name = Main.storyboard;
			sourceTree = "<group>";
		};
		6B0FBC5022A5548C000E4E39 /* LaunchScreen.storyboard */ = {
			isa = PBXVariantGroup;
			children = (
				6B0FBC5122A5548C000E4E39 /* Base */,
			);
			name = LaunchScreen.storyboard;
			sourceTree = "<group>";
		};
		6B4754B922A7C18900149B47 /* MainInterface.storyboard */ = {
			isa = PBXVariantGroup;
			children = (
				6B4754BA22A7C18900149B47 /* Base */,
			);
			name = MainInterface.storyboard;
			sourceTree = "<group>";
		};
/* End PBXVariantGroup section */

/* Begin XCBuildConfiguration section */
		6B0FBC5422A5548C000E4E39 /* Debug */ = {
			isa = XCBuildConfiguration;
			buildSettings = {
				ALWAYS_SEARCH_USER_PATHS = NO;
				CLANG_ANALYZER_NONNULL = YES;
				CLANG_ANALYZER_NUMBER_OBJECT_CONVERSION = YES_AGGRESSIVE;
				CLANG_CXX_LANGUAGE_STANDARD = "gnu++14";
				CLANG_CXX_LIBRARY = "libc++";
				CLANG_ENABLE_MODULES = YES;
				CLANG_ENABLE_OBJC_ARC = YES;
				CLANG_ENABLE_OBJC_WEAK = YES;
				CLANG_WARN_BLOCK_CAPTURE_AUTORELEASING = YES;
				CLANG_WARN_BOOL_CONVERSION = YES;
				CLANG_WARN_COMMA = YES;
				CLANG_WARN_CONSTANT_CONVERSION = YES;
				CLANG_WARN_DEPRECATED_OBJC_IMPLEMENTATIONS = YES;
				CLANG_WARN_DIRECT_OBJC_ISA_USAGE = YES_ERROR;
				CLANG_WARN_DOCUMENTATION_COMMENTS = YES;
				CLANG_WARN_EMPTY_BODY = YES;
				CLANG_WARN_ENUM_CONVERSION = YES;
				CLANG_WARN_INFINITE_RECURSION = YES;
				CLANG_WARN_INT_CONVERSION = YES;
				CLANG_WARN_NON_LITERAL_NULL_CONVERSION = YES;
				CLANG_WARN_OBJC_IMPLICIT_RETAIN_SELF = YES;
				CLANG_WARN_OBJC_LITERAL_CONVERSION = YES;
				CLANG_WARN_OBJC_ROOT_CLASS = YES_ERROR;
				CLANG_WARN_RANGE_LOOP_ANALYSIS = YES;
				CLANG_WARN_STRICT_PROTOTYPES = YES;
				CLANG_WARN_SUSPICIOUS_MOVE = YES;
				CLANG_WARN_UNGUARDED_AVAILABILITY = YES_AGGRESSIVE;
				CLANG_WARN_UNREACHABLE_CODE = YES;
				CLANG_WARN__DUPLICATE_METHOD_MATCH = YES;
				CODE_SIGN_IDENTITY = "iPhone Developer";
				COPY_PHASE_STRIP = NO;
				DEBUG_INFORMATION_FORMAT = dwarf;
				ENABLE_STRICT_OBJC_MSGSEND = YES;
				ENABLE_TESTABILITY = YES;
				GCC_C_LANGUAGE_STANDARD = gnu11;
				GCC_DYNAMIC_NO_PIC = NO;
				GCC_NO_COMMON_BLOCKS = YES;
				GCC_OPTIMIZATION_LEVEL = 0;
				GCC_PREPROCESSOR_DEFINITIONS = (
					"DEBUG=1",
					"$(inherited)",
				);
				GCC_WARN_64_TO_32_BIT_CONVERSION = YES;
				GCC_WARN_ABOUT_RETURN_TYPE = YES_ERROR;
				GCC_WARN_UNDECLARED_SELECTOR = YES;
				GCC_WARN_UNINITIALIZED_AUTOS = YES_AGGRESSIVE;
				GCC_WARN_UNUSED_FUNCTION = YES;
				GCC_WARN_UNUSED_VARIABLE = YES;
				IPHONEOS_DEPLOYMENT_TARGET = 12.0;
				MTL_ENABLE_DEBUG_INFO = INCLUDE_SOURCE;
				MTL_FAST_MATH = YES;
				ONLY_ACTIVE_ARCH = YES;
				SDKROOT = iphoneos;
				SWIFT_ACTIVE_COMPILATION_CONDITIONS = DEBUG;
				SWIFT_OPTIMIZATION_LEVEL = "-Onone";
			};
			name = Debug;
		};
		6B0FBC5522A5548C000E4E39 /* Release */ = {
			isa = XCBuildConfiguration;
			buildSettings = {
				ALWAYS_SEARCH_USER_PATHS = NO;
				CLANG_ANALYZER_NONNULL = YES;
				CLANG_ANALYZER_NUMBER_OBJECT_CONVERSION = YES_AGGRESSIVE;
				CLANG_CXX_LANGUAGE_STANDARD = "gnu++14";
				CLANG_CXX_LIBRARY = "libc++";
				CLANG_ENABLE_MODULES = YES;
				CLANG_ENABLE_OBJC_ARC = YES;
				CLANG_ENABLE_OBJC_WEAK = YES;
				CLANG_WARN_BLOCK_CAPTURE_AUTORELEASING = YES;
				CLANG_WARN_BOOL_CONVERSION = YES;
				CLANG_WARN_COMMA = YES;
				CLANG_WARN_CONSTANT_CONVERSION = YES;
				CLANG_WARN_DEPRECATED_OBJC_IMPLEMENTATIONS = YES;
				CLANG_WARN_DIRECT_OBJC_ISA_USAGE = YES_ERROR;
				CLANG_WARN_DOCUMENTATION_COMMENTS = YES;
				CLANG_WARN_EMPTY_BODY = YES;
				CLANG_WARN_ENUM_CONVERSION = YES;
				CLANG_WARN_INFINITE_RECURSION = YES;
				CLANG_WARN_INT_CONVERSION = YES;
				CLANG_WARN_NON_LITERAL_NULL_CONVERSION = YES;
				CLANG_WARN_OBJC_IMPLICIT_RETAIN_SELF = YES;
				CLANG_WARN_OBJC_LITERAL_CONVERSION = YES;
				CLANG_WARN_OBJC_ROOT_CLASS = YES_ERROR;
				CLANG_WARN_RANGE_LOOP_ANALYSIS = YES;
				CLANG_WARN_STRICT_PROTOTYPES = YES;
				CLANG_WARN_SUSPICIOUS_MOVE = YES;
				CLANG_WARN_UNGUARDED_AVAILABILITY = YES_AGGRESSIVE;
				CLANG_WARN_UNREACHABLE_CODE = YES;
				CLANG_WARN__DUPLICATE_METHOD_MATCH = YES;
				CODE_SIGN_IDENTITY = "iPhone Developer";
				COPY_PHASE_STRIP = NO;
				DEBUG_INFORMATION_FORMAT = "dwarf-with-dsym";
				ENABLE_NS_ASSERTIONS = NO;
				ENABLE_STRICT_OBJC_MSGSEND = YES;
				GCC_C_LANGUAGE_STANDARD = gnu11;
				GCC_NO_COMMON_BLOCKS = YES;
				GCC_WARN_64_TO_32_BIT_CONVERSION = YES;
				GCC_WARN_ABOUT_RETURN_TYPE = YES_ERROR;
				GCC_WARN_UNDECLARED_SELECTOR = YES;
				GCC_WARN_UNINITIALIZED_AUTOS = YES_AGGRESSIVE;
				GCC_WARN_UNUSED_FUNCTION = YES;
				GCC_WARN_UNUSED_VARIABLE = YES;
				IPHONEOS_DEPLOYMENT_TARGET = 12.0;
				MTL_ENABLE_DEBUG_INFO = NO;
				MTL_FAST_MATH = YES;
				SDKROOT = iphoneos;
				SWIFT_COMPILATION_MODE = wholemodule;
				SWIFT_OPTIMIZATION_LEVEL = "-O";
				VALIDATE_PRODUCT = YES;
			};
			name = Release;
		};
		6B0FBC5722A5548C000E4E39 /* Debug */ = {
			isa = XCBuildConfiguration;
			buildSettings = {
				ALWAYS_EMBED_SWIFT_STANDARD_LIBRARIES = YES;
				ASSETCATALOG_COMPILER_APPICON_NAME = AppIcon;
				CODE_SIGN_ENTITLEMENTS = SiriMessageDemo/SiriMessageDemo.entitlements;
				CODE_SIGN_IDENTITY = "iPhone Developer";
				CODE_SIGN_STYLE = Manual;
				DEVELOPMENT_TEAM = JUGDE9K6Y2;
				INFOPLIST_FILE = SiriMessageDemo/Info.plist;
				IPHONEOS_DEPLOYMENT_TARGET = 11.0;
				LD_RUNPATH_SEARCH_PATHS = (
					"$(inherited)",
					"@executable_path/Frameworks",
				);
				PRODUCT_BUNDLE_IDENTIFIER = com.logistic.voiptesting;
				PRODUCT_NAME = "$(TARGET_NAME)";
				PROVISIONING_PROFILE_SPECIFIER = DevVoIPTesting;
				SWIFT_VERSION = 4.2;
				TARGETED_DEVICE_FAMILY = "1,2";
			};
			name = Debug;
		};
		6B0FBC5822A5548C000E4E39 /* Release */ = {
			isa = XCBuildConfiguration;
			buildSettings = {
				ALWAYS_EMBED_SWIFT_STANDARD_LIBRARIES = YES;
				ASSETCATALOG_COMPILER_APPICON_NAME = AppIcon;
				CODE_SIGN_ENTITLEMENTS = SiriMessageDemo/SiriMessageDemo.entitlements;
				CODE_SIGN_IDENTITY = "iPhone Developer";
				CODE_SIGN_STYLE = Manual;
				DEVELOPMENT_TEAM = JUGDE9K6Y2;
				INFOPLIST_FILE = SiriMessageDemo/Info.plist;
				IPHONEOS_DEPLOYMENT_TARGET = 11.0;
				LD_RUNPATH_SEARCH_PATHS = (
					"$(inherited)",
					"@executable_path/Frameworks",
				);
				PRODUCT_BUNDLE_IDENTIFIER = com.logistic.voiptesting;
				PRODUCT_NAME = "$(TARGET_NAME)";
				PROVISIONING_PROFILE_SPECIFIER = DevVoIPTesting;
				SWIFT_VERSION = 4.2;
				TARGETED_DEVICE_FAMILY = "1,2";
			};
			name = Release;
		};
		6B4754C422A7C18900149B47 /* Debug */ = {
			isa = XCBuildConfiguration;
			buildSettings = {
				CODE_SIGN_ENTITLEMENTS = MessageIntentUI/MessageIntentUI.entitlements;
				CODE_SIGN_IDENTITY = "iPhone Developer";
				CODE_SIGN_STYLE = Manual;
				DEVELOPMENT_TEAM = JUGDE9K6Y2;
				INFOPLIST_FILE = MessageIntentUI/Info.plist;
				IPHONEOS_DEPLOYMENT_TARGET = 11.0;
				LD_RUNPATH_SEARCH_PATHS = (
					"$(inherited)",
					"@executable_path/Frameworks",
					"@executable_path/../../Frameworks",
				);
				PRODUCT_BUNDLE_IDENTIFIER = com.logistic.voiptesting.ui;
				PRODUCT_NAME = "$(TARGET_NAME)";
				PROVISIONING_PROFILE_SPECIFIER = "ExtensionDemo UI";
				SKIP_INSTALL = YES;
				SWIFT_VERSION = 4.2;
				TARGETED_DEVICE_FAMILY = "1,2";
			};
			name = Debug;
		};
		6B4754C522A7C18900149B47 /* Release */ = {
			isa = XCBuildConfiguration;
			buildSettings = {
				CODE_SIGN_ENTITLEMENTS = MessageIntentUI/MessageIntentUI.entitlements;
				CODE_SIGN_IDENTITY = "iPhone Developer";
				CODE_SIGN_STYLE = Manual;
				DEVELOPMENT_TEAM = JUGDE9K6Y2;
				INFOPLIST_FILE = MessageIntentUI/Info.plist;
				IPHONEOS_DEPLOYMENT_TARGET = 11.0;
				LD_RUNPATH_SEARCH_PATHS = (
					"$(inherited)",
					"@executable_path/Frameworks",
					"@executable_path/../../Frameworks",
				);
				PRODUCT_BUNDLE_IDENTIFIER = com.logistic.voiptesting.ui;
				PRODUCT_NAME = "$(TARGET_NAME)";
				PROVISIONING_PROFILE_SPECIFIER = "ExtensionDemo UI";
				SKIP_INSTALL = YES;
				SWIFT_VERSION = 4.2;
				TARGETED_DEVICE_FAMILY = "1,2";
			};
			name = Release;
		};
		6B4754C722A7C18900149B47 /* Debug */ = {
			isa = XCBuildConfiguration;
			buildSettings = {
				CODE_SIGN_ENTITLEMENTS = MessageIntent/MessageIntent.entitlements;
				CODE_SIGN_IDENTITY = "iPhone Developer";
				CODE_SIGN_STYLE = Manual;
				DEVELOPMENT_TEAM = JUGDE9K6Y2;
				INFOPLIST_FILE = MessageIntent/Info.plist;
				IPHONEOS_DEPLOYMENT_TARGET = 11.0;
				LD_RUNPATH_SEARCH_PATHS = (
					"$(inherited)",
					"@executable_path/Frameworks",
					"@executable_path/../../Frameworks",
				);
				PRODUCT_BUNDLE_IDENTIFIER = com.logistic.voiptesting.ext;
				PRODUCT_NAME = "$(TARGET_NAME)";
				PROVISIONING_PROFILE_SPECIFIER = ExtentionDemo;
				SKIP_INSTALL = YES;
				SWIFT_VERSION = 4.2;
				TARGETED_DEVICE_FAMILY = "1,2";
			};
			name = Debug;
		};
		6B4754C822A7C18900149B47 /* Release */ = {
			isa = XCBuildConfiguration;
			buildSettings = {
				CODE_SIGN_ENTITLEMENTS = MessageIntent/MessageIntent.entitlements;
				CODE_SIGN_IDENTITY = "iPhone Developer";
				CODE_SIGN_STYLE = Manual;
				DEVELOPMENT_TEAM = JUGDE9K6Y2;
				INFOPLIST_FILE = MessageIntent/Info.plist;
				IPHONEOS_DEPLOYMENT_TARGET = 11.0;
				LD_RUNPATH_SEARCH_PATHS = (
					"$(inherited)",
					"@executable_path/Frameworks",
					"@executable_path/../../Frameworks",
				);
				PRODUCT_BUNDLE_IDENTIFIER = com.logistic.voiptesting.ext;
				PRODUCT_NAME = "$(TARGET_NAME)";
				PROVISIONING_PROFILE_SPECIFIER = ExtentionDemo;
				SKIP_INSTALL = YES;
				SWIFT_VERSION = 4.2;
				TARGETED_DEVICE_FAMILY = "1,2";
			};
			name = Release;
		};
/* End XCBuildConfiguration section */

/* Begin XCConfigurationList section */
		6B0FBC3F22A5548B000E4E39 /* Build configuration list for PBXProject "SiriMessageDemo" */ = {
			isa = XCConfigurationList;
			buildConfigurations = (
				6B0FBC5422A5548C000E4E39 /* Debug */,
				6B0FBC5522A5548C000E4E39 /* Release */,
			);
			defaultConfigurationIsVisible = 0;
			defaultConfigurationName = Release;
		};
		6B0FBC5622A5548C000E4E39 /* Build configuration list for PBXNativeTarget "SiriMessageDemo" */ = {
			isa = XCConfigurationList;
			buildConfigurations = (
				6B0FBC5722A5548C000E4E39 /* Debug */,
				6B0FBC5822A5548C000E4E39 /* Release */,
			);
			defaultConfigurationIsVisible = 0;
			defaultConfigurationName = Release;
		};
		6B4754C322A7C18900149B47 /* Build configuration list for PBXNativeTarget "MessageIntentUI" */ = {
			isa = XCConfigurationList;
			buildConfigurations = (
				6B4754C422A7C18900149B47 /* Debug */,
				6B4754C522A7C18900149B47 /* Release */,
			);
			defaultConfigurationIsVisible = 0;
			defaultConfigurationName = Release;
		};
		6B4754C622A7C18900149B47 /* Build configuration list for PBXNativeTarget "MessageIntent" */ = {
			isa = XCConfigurationList;
			buildConfigurations = (
				6B4754C722A7C18900149B47 /* Debug */,
				6B4754C822A7C18900149B47 /* Release */,
			);
			defaultConfigurationIsVisible = 0;
			defaultConfigurationName = Release;
		};
/* End XCConfigurationList section */
	};
	rootObject = 6B0FBC3C22A5548B000E4E39 /* Project object */;
}
